
Microsoft Visual Studio Solution File, Format Version 12.00
Project("{FAE04EC0-301F-11D3-BF4B-00C04F79EFBC}") = "PracaDomowa1", "PracaDomowa1.csproj", "{CEDFA805-0721-4DE3-93EB-030D1AEF1369}"
EndProject
Global
	GlobalSection(SolutionConfigurationPlatforms) = preSolution
		Debug|Any CPU = Debug|Any CPU
		Release|Any CPU = Release|Any CPU
	EndGlobalSection
	GlobalSection(ProjectConfigurationPlatforms) = postSolution
		{CEDFA805-0721-4DE3-93EB-030D1AEF1369}.Debug|Any CPU.ActiveCfg = Debug|Any CPU
		{CEDFA805-0721-4DE3-93EB-030D1AEF1369}.Debug|Any CPU.Build.0 = Debug|Any CPU
		{CEDFA805-0721-4DE3-93EB-030D1AEF1369}.Release|Any CPU.ActiveCfg = Release|Any CPU
		{CEDFA805-0721-4DE3-93EB-030D1AEF1369}.Release|Any CPU.Build.0 = Release|Any CPU
	EndGlobalSection
EndGlobal
